
Microsoft Visual Studio Solution File, Format Version 12.00
# Visual Studio Version 17
VisualStudioVersion = 17.6.33829.357
MinimumVisualStudioVersion = 10.0.40219.1
Project("{FAE04EC0-301F-11D3-BF4B-00C04F79EFBC}") = "APIdemo1", "APIdemo1\APIdemo1.csproj", "{9172FB80-C2DF-43BD-9A14-03312432E1E0}"
EndProject
Global
	GlobalSection(SolutionConfigurationPlatforms) = preSolution
		Debug|Any CPU = Debug|Any CPU
		Release|Any CPU = Release|Any CPU
	EndGlobalSection
	GlobalSection(ProjectConfigurationPlatforms) = postSolution
		{9172FB80-C2DF-43BD-9A14-03312432E1E0}.Debug|Any CPU.ActiveCfg = Debug|Any CPU
		{9172FB80-C2DF-43BD-9A14-03312432E1E0}.Debug|Any CPU.Build.0 = Debug|Any CPU
		{9172FB80-C2DF-43BD-9A14-03312432E1E0}.Release|Any CPU.ActiveCfg = Release|Any CPU
		{9172FB80-C2DF-43BD-9A14-03312432E1E0}.Release|Any CPU.Build.0 = Release|Any CPU
	EndGlobalSection
	GlobalSection(SolutionProperties) = preSolution
		HideSolutionNode = FALSE
	EndGlobalSection
	GlobalSection(ExtensibilityGlobals) = postSolution
		SolutionGuid = {2AE19E83-A120-437C-A4F3-44DCB21B0976}
	EndGlobalSection
EndGlobal
